
Microsoft Visual Studio Solution File, Format Version 12.00
# Visual Studio Version 17
VisualStudioVersion = 17.9.34622.214
MinimumVisualStudioVersion = 10.0.40219.1
Project("{FAE04EC0-301F-11D3-BF4B-00C04F79EFBC}") = "TaskManager_Backend", "TaskManager_Backend.csproj", "{EA27F34C-5C1F-46F4-A9B4-8860AF63EA15}"
EndProject
Global
	GlobalSection(SolutionConfigurationPlatforms) = preSolution
		Debug|Any CPU = Debug|Any CPU
		Release|Any CPU = Release|Any CPU
	EndGlobalSection
	GlobalSection(ProjectConfigurationPlatforms) = postSolution
		{EA27F34C-5C1F-46F4-A9B4-8860AF63EA15}.Debug|Any CPU.ActiveCfg = Debug|Any CPU
		{EA27F34C-5C1F-46F4-A9B4-8860AF63EA15}.Debug|Any CPU.Build.0 = Debug|Any CPU
		{EA27F34C-5C1F-46F4-A9B4-8860AF63EA15}.Release|Any CPU.ActiveCfg = Release|Any CPU
		{EA27F34C-5C1F-46F4-A9B4-8860AF63EA15}.Release|Any CPU.Build.0 = Release|Any CPU
	EndGlobalSection
	GlobalSection(SolutionProperties) = preSolution
		HideSolutionNode = FALSE
	EndGlobalSection
	GlobalSection(ExtensibilityGlobals) = postSolution
		SolutionGuid = {2F864178-7493-432F-A85D-FA42D2037304}
	EndGlobalSection
EndGlobal
